<?xml version="1.0" encoding="UTF-8"?>
<Scheme
   version = "1.8">
   <BuildAction
      parallelizeBuildables = "YES"
      buildImplicitDependencies = "YES">
      <BuildActionEntries>
         <BuildActionEntry
            buildForTesting = "NO"
            buildForRunning = "YES"
            buildForProfiling = "NO"
            buildForArchiving = "NO"
            buildForAnalyzing = "YES">
            <BuildableReference
               BuildableIdentifier = "primary"
               BlueprintIdentifier = "483BE8C8C96AB3132800D041"
               BuildableName = "libMLABOsiriXBridgeControl_debug.dylib"
               BlueprintName = "libMLABOsiriXBridgeControl_debug"
               ReferencedContainer = "container:MLABOsiriXBridgeControl/MLABOsiriXBridgeControl_debug.xcodeproj">
            </BuildableReference>
         </BuildActionEntry>
         <BuildActionEntry
            buildForTesting = "NO"
            buildForRunning = "YES"
            buildForProfiling = "NO"
            buildForArchiving = "NO"
            buildForAnalyzing = "YES">
            <BuildableReference
               BuildableIdentifier = "primary"
               BlueprintIdentifier = "AF60D855E74FBE21465DFD1B"
               BuildableName = "libMLOsiriXBridge_debug.dylib"
               BlueprintName = "libMLOsiriXBridge_debug"
               ReferencedContainer = "container:MLOsiriXBridge/MLOsiriXBridge_debug.xcodeproj">
            </BuildableReference>
         </BuildActionEntry>
         <BuildActionEntry
            buildForTesting = "NO"
            buildForRunning = "YES"
            buildForProfiling = "NO"
            buildForArchiving = "NO"
            buildForAnalyzing = "YES">
            <BuildableReference
               BuildableIdentifier = "primary"
               BlueprintIdentifier = "1496C1C77E1D11D7C5FDDD7B"
               BuildableName = "libMLOsiriXServices_debug.dylib"
               BlueprintName = "libMLOsiriXServices_debug"
               ReferencedContainer = "container:MLOsiriXServices/MLOsiriXServices_debug.xcodeproj">
            </BuildableReference>
         </BuildActionEntry>
         <BuildActionEntry
            buildForTesting = "NO"
            buildForRunning = "YES"
            buildForProfiling = "NO"
            buildForArchiving = "NO"
            buildForAnalyzing = "YES">
            <BuildableReference
               BuildableIdentifier = "primary"
               BlueprintIdentifier = "8D5B49AC048680CD000E48DA"
               BuildableName = "OsiriXMeVisLabBridge.osirixplugin"
               BlueprintName = "OsiriXMeVisLabBridge"
               ReferencedContainer = "container:OsiriXPlugIn/OsiriXPlugIn.xcodeproj">
            </BuildableReference>
         </BuildActionEntry>
      </BuildActionEntries>
   </BuildAction>
   <TestAction
      buildConfiguration = "Debug"
      selectedDebuggerIdentifier = "Xcode.DebuggerFoundation.Debugger.LLDB"
      selectedLauncherIdentifier = "Xcode.DebuggerFoundation.Launcher.LLDB"
      shouldUseLaunchSchemeArgsEnv = "YES">
      <Testables>
      </Testables>
      <AdditionalOptions>
      </AdditionalOptions>
   </TestAction>
   <LaunchAction
      buildConfiguration = "Debug"
      selectedDebuggerIdentifier = "Xcode.DebuggerFoundation.Debugger.LLDB"
      selectedLauncherIdentifier = "Xcode.DebuggerFoundation.Launcher.LLDB"
      displayScaleIsEnabled = "NO"
      displayScale = "1.00"
      launchStyle = "0"
      useCustomWorkingDirectory = "NO"
      ignoresPersistentStateOnLaunch = "YES"
      debugDocumentVersioning = "YES"
      debugServiceExtension = "internal"
      allowLocationSimulation = "YES">
      <PathRunnable
         runnableDebuggingMode = "0"
         FilePath = "/Users/fritter/Applications/MeVisLab.app/Contents/MacOS/MeVisLabCore_debug">
      </PathRunnable>
      <MacroExpansion>
         <BuildableReference
            BuildableIdentifier = "primary"
            BlueprintIdentifier = "483BE8C8C96AB3132800D041"
            BuildableName = "libMLABOsiriXBridgeControl_debug.dylib"
            BlueprintName = "libMLABOsiriXBridgeControl_debug"
            ReferencedContainer = "container:MLABOsiriXBridgeControl/MLABOsiriXBridgeControl_debug.xcodeproj">
         </BuildableReference>
      </MacroExpansion>
      <CommandLineArguments>
         <CommandLineArgument
            argument = "-quick"
            isEnabled = "YES">
         </CommandLineArgument>
      </CommandLineArguments>
      <EnvironmentVariables>
         <EnvironmentVariable
            key = "DYLD_LIBRARY_PATH"
            value = "/System/Library/Frameworks/ApplicationServices.framework/Versions/A/Frameworks/ImageIO.framework/Versions/A/Resources:/Users/fritter/Developer/MeVis/BuildSystem/lib:/Users/fritter/Developer/MeVis/Foundation/lib:/Users/fritter/Applications/MeVisLab.app/Contents/Packages/MeVis/ThirdParty/lib:/Users/fritter/Developer/MeVisLab/Examples/lib:/Users/fritter/Developer/MeVisLab/IDE/lib:/Users/fritter/Developer/MeVisLab/Private/lib:/Users/fritter/Developer/MeVisLab/Resources/lib:/Users/fritter/Developer/MeVisLab/Standard/lib:/Users/fritter/Developer/FMEstable/ThirdParty/lib:/Users/fritter/Developer/FMEstable/Foundation/lib:/Users/fritter/Developer/FMEstable/Release/lib:/Users/fritter/Developer/FMEstable/ReleaseMeVis/lib:/Users/fritter/Developer/FMEstable/General/lib:/Users/fritter/Developer/FMEstable/Internal/lib:/Users/fritter/Developer/FMEstable/MMS/lib:/Users/fritter/Developer/FMEwork/ThirdParty/lib:/Users/fritter/Developer/FMEwork/Release/lib:/Users/fritter/Developer/FMEwork/ReleaseMeVis/lib:/Users/fritter/Developer/FMEwork/General/lib:/Users/fritter/Developer/FMEwork/ITK/lib:/Users/fritter/Developer/FMEwork/VTK/lib:/Users/fritter/Developer/FMEwork/Personal/lib:/Users/fritter/Developer/FMEwork/Students/lib:/Users/fritter/Developer/FMEwork/Internal/lib:/Users/fritter/Developer/FMEwork/External/lib:/Users/fritter/Developer/FMEwork/MMS/lib"
            isEnabled = "YES">
         </EnvironmentVariable>
         <EnvironmentVariable
            key = "DYLD_FRAMEWORK_PATH"
            value = "/Users/fritter/Developer/MeVis/BuildSystem/lib:/Users/fritter/Developer/MeVis/Foundation/lib:/Users/fritter/Applications/MeVisLab.app/Contents/Packages/MeVis/ThirdParty/lib:/Users/fritter/Developer/MeVisLab/Examples/lib:/Users/fritter/Developer/MeVisLab/IDE/lib:/Users/fritter/Developer/MeVisLab/Private/lib:/Users/fritter/Developer/MeVisLab/Resources/lib:/Users/fritter/Developer/MeVisLab/Standard/lib:/Users/fritter/Developer/FMEstable/ThirdParty/lib:/Users/fritter/Developer/FMEstable/Foundation/lib:/Users/fritter/Developer/FMEstable/Release/lib:/Users/fritter/Developer/FMEstable/General/lib:/Users/fritter/Developer/FMEstable/Internal/lib:/Users/fritter/Developer/FMEstable/MMS/lib:/Users/fritter/Developer/FMEwork/ThirdParty/lib:/Users/fritter/Developer/FMEwork/Release/lib:/Users/fritter/Developer/FMEwork/General/lib:/Users/fritter/Developer/FMEwork/ITK/lib:/Users/fritter/Developer/FMEwork/VTK/lib:/Users/fritter/Developer/FMEwork/Personal/lib:/Users/fritter/Developer/FMEwork/Students/lib:/Users/fritter/Developer/FMEwork/Internal/lib:/Users/fritter/Developer/FMEwork/External/lib:/Users/fritter/Developer/FMEwork/MMS/lib:/Users/fritter/Applications/MeVisLab.app/Contents/Frameworks"
            isEnabled = "YES">
         </EnvironmentVariable>
      </EnvironmentVariables>
      <AdditionalOptions>
      </AdditionalOptions>
   </LaunchAction>
   <ProfileAction
      displayScaleIsEnabled = "NO"
      displayScale = "1.00"
      buildConfiguration = "Release"
      shouldUseLaunchSchemeArgsEnv = "YES"
      savedToolIdentifier = ""
      useCustomWorkingDirectory = "NO"
      debugDocumentVersioning = "YES">
   </ProfileAction>
   <AnalyzeAction
      buildConfiguration = "Debug">
   </AnalyzeAction>
   <ArchiveAction
      buildConfiguration = "Release"
      revealArchiveInOrganizer = "YES">
   </ArchiveAction>
</Scheme>
